
Microsoft Visual Studio Solution File, Format Version 12.00
# Visual Studio Version 16
VisualStudioVersion = 16.0.30225.117
MinimumVisualStudioVersion = 10.0.40219.1
Project("{FAE04EC0-301F-11D3-BF4B-00C04F79EFBC}") = "FurnitureFactoryView", "FurnitureFactoryView\FurnitureFactoryView.csproj", "{6C3AF1A4-A77F-454C-B1FB-1CB8D799382D}"
EndProject
Project("{9A19103F-16F7-4668-BE54-9A1E7A4F7556}") = "FurnitureFactoryBusinessLogics", "FurnitureFactoruBusinessLogics\FurnitureFactoryBusinessLogics.csproj", "{12EAE9B2-900C-4058-915B-D78DF99516EA}"
EndProject
Project("{9A19103F-16F7-4668-BE54-9A1E7A4F7556}") = "FurnitureFactoryDatabaseImplement", "FurnitureFactoryDatabaseImplement\FurnitureFactoryDatabaseImplement.csproj", "{A6098A36-CB64-45D7-9A9A-AB8BEF214283}"
EndProject
Project("{FAE04EC0-301F-11D3-BF4B-00C04F79EFBC}") = "FurnitureFactoryRestApi", "FurnitureFactoryRestApi\FurnitureFactoryRestApi.csproj", "{B0827402-2AE9-42F1-9433-7BEC4B644DDF}"
EndProject
Project("{FAE04EC0-301F-11D3-BF4B-00C04F79EFBC}") = "FurnitureFactoryClientApp", "FurnitureFactoryClientApp\FurnitureFactoryClientApp.csproj", "{05622195-BD07-484B-AAB5-314308B4173E}"
EndProject
Global
	GlobalSection(SolutionConfigurationPlatforms) = preSolution
		Debug|Any CPU = Debug|Any CPU
		Release|Any CPU = Release|Any CPU
	EndGlobalSection
	GlobalSection(ProjectConfigurationPlatforms) = postSolution
		{6C3AF1A4-A77F-454C-B1FB-1CB8D799382D}.Debug|Any CPU.ActiveCfg = Debug|Any CPU
		{6C3AF1A4-A77F-454C-B1FB-1CB8D799382D}.Debug|Any CPU.Build.0 = Debug|Any CPU
		{6C3AF1A4-A77F-454C-B1FB-1CB8D799382D}.Release|Any CPU.ActiveCfg = Release|Any CPU
		{6C3AF1A4-A77F-454C-B1FB-1CB8D799382D}.Release|Any CPU.Build.0 = Release|Any CPU
		{12EAE9B2-900C-4058-915B-D78DF99516EA}.Debug|Any CPU.ActiveCfg = Debug|Any CPU
		{12EAE9B2-900C-4058-915B-D78DF99516EA}.Debug|Any CPU.Build.0 = Debug|Any CPU
		{12EAE9B2-900C-4058-915B-D78DF99516EA}.Release|Any CPU.ActiveCfg = Release|Any CPU
		{12EAE9B2-900C-4058-915B-D78DF99516EA}.Release|Any CPU.Build.0 = Release|Any CPU
		{A6098A36-CB64-45D7-9A9A-AB8BEF214283}.Debug|Any CPU.ActiveCfg = Debug|Any CPU
		{A6098A36-CB64-45D7-9A9A-AB8BEF214283}.Debug|Any CPU.Build.0 = Debug|Any CPU
		{A6098A36-CB64-45D7-9A9A-AB8BEF214283}.Release|Any CPU.ActiveCfg = Release|Any CPU
		{A6098A36-CB64-45D7-9A9A-AB8BEF214283}.Release|Any CPU.Build.0 = Release|Any CPU
		{B0827402-2AE9-42F1-9433-7BEC4B644DDF}.Debug|Any CPU.ActiveCfg = Debug|Any CPU
		{B0827402-2AE9-42F1-9433-7BEC4B644DDF}.Debug|Any CPU.Build.0 = Debug|Any CPU
		{B0827402-2AE9-42F1-9433-7BEC4B644DDF}.Release|Any CPU.ActiveCfg = Release|Any CPU
		{B0827402-2AE9-42F1-9433-7BEC4B644DDF}.Release|Any CPU.Build.0 = Release|Any CPU
		{05622195-BD07-484B-AAB5-314308B4173E}.Debug|Any CPU.ActiveCfg = Debug|Any CPU
		{05622195-BD07-484B-AAB5-314308B4173E}.Debug|Any CPU.Build.0 = Debug|Any CPU
		{05622195-BD07-484B-AAB5-314308B4173E}.Release|Any CPU.ActiveCfg = Release|Any CPU
		{05622195-BD07-484B-AAB5-314308B4173E}.Release|Any CPU.Build.0 = Release|Any CPU
	EndGlobalSection
	GlobalSection(SolutionProperties) = preSolution
		HideSolutionNode = FALSE
	EndGlobalSection
	GlobalSection(ExtensibilityGlobals) = postSolution
		SolutionGuid = {364321EB-FB84-4942-96C0-DEAFC939C658}
	EndGlobalSection
EndGlobal
